<?xml version="1.0" encoding="utf-8"?>
<Project ToolsVersion="4.0" xmlns="http://schemas.microsoft.com/developer/msbuild/2003">
  <ItemGroup>
    <Filter Include="Source">
      <UniqueIdentifier>{7acb3270-6886-44e1-8c83-a0855ccd9325}</UniqueIdentifier>
    </Filter>
    <Filter Include="Source\Framework">
      <UniqueIdentifier>{1d526373-7faf-45aa-b045-ae299cfa082e}</UniqueIdentifier>
    </Filter>
    <Filter Include="Source\Framework\Singleton">
      <UniqueIdentifier>{2dee0103-20b1-433e-863e-ef3ccc832c41}</UniqueIdentifier>
    </Filter>
    <Filter Include="Source\Application">
      <UniqueIdentifier>{ede798b5-8a0c-4af8-b43a-eef1b4872e20}</UniqueIdentifier>
    </Filter>
    <Filter Include="Library">
      <UniqueIdentifier>{21fd05f2-14ba-4a52-90ef-190d684c8da1}</UniqueIdentifier>
    </Filter>
    <Filter Include="Source\Framework\Definition">
      <UniqueIdentifier>{11bb82bf-6242-4fbf-af49-74d09c8e87e1}</UniqueIdentifier>
    </Filter>
    <Filter Include="Source\Framework\Definition\Struct">
      <UniqueIdentifier>{b90697e1-ff82-48a1-b5e4-d861b47a11c8}</UniqueIdentifier>
    </Filter>
    <Filter Include="Source\Framework\Definition\Constant">
      <UniqueIdentifier>{a06c82d6-d31f-4c71-93f0-5e14fb7048e0}</UniqueIdentifier>
    </Filter>
    <Filter Include="Source\Framework\Window">
      <UniqueIdentifier>{48797465-7e49-4e96-b699-41f380c00545}</UniqueIdentifier>
    </Filter>
    <Filter Include="Source\Framework\FPS">
      <UniqueIdentifier>{7d142c18-9a58-4ca6-860a-21df27b4b39c}</UniqueIdentifier>
    </Filter>
    <Filter Include="Source\Framework\Utility">
      <UniqueIdentifier>{bea465f0-c682-49c1-bbd0-648ef2f0beb5}</UniqueIdentifier>
    </Filter>
    <Filter Include="Source\Framework\Utility\FileIO">
      <UniqueIdentifier>{2c3499b1-aa78-4ddd-a171-0e7092466bbb}</UniqueIdentifier>
    </Filter>
    <Filter Include="Source\Framework\Graphics">
      <UniqueIdentifier>{7ca3a065-7903-414d-8540-0e44e64fc5f9}</UniqueIdentifier>
    </Filter>
    <Filter Include="Source\Framework\Graphics\RTVHeap">
      <UniqueIdentifier>{ed8c2ea7-a9fc-428d-b904-996b4b244fc5}</UniqueIdentifier>
    </Filter>
  </ItemGroup>
  <ItemGroup>
    <ClInclude Include="Source\PCH.h">
      <Filter>Source</Filter>
    </ClInclude>
    <ClInclude Include="Source\Framework\Singleton\FWKSingletonBase.h">
      <Filter>Source\Framework\Singleton</Filter>
    </ClInclude>
    <ClInclude Include="Source\Framework\Framework.h">
      <Filter>Source\Framework</Filter>
    </ClInclude>
    <ClInclude Include="Source\Framework\Definition\Constant\FWKCommonConstant.h">
      <Filter>Source\Framework\Definition\Constant</Filter>
    </ClInclude>
    <ClInclude Include="Source\Framework\Definition\Struct\FWKCommonStruct.h">
      <Filter>Source\Framework\Definition\Struct</Filter>
    </ClInclude>
    <ClInclude Include="Source\Application\Application.h">
      <Filter>Source\Application</Filter>
    </ClInclude>
    <ClInclude Include="Source\Framework\Window\FWKWindow.h">
      <Filter>Source\Framework\Window</Filter>
    </ClInclude>
    <ClInclude Include="Source\Framework\FPS\FWKFPSController.h">
      <Filter>Source\Framework\FPS</Filter>
    </ClInclude>
    <ClInclude Include="Source\Framework\Utility\FileIO\FWKFileIOUtility.h">
      <Filter>Source\Framework\Utility\FileIO</Filter>
    </ClInclude>
    <ClInclude Include="..\Library\json.hpp">
      <Filter>Library</Filter>
    </ClInclude>
    <ClInclude Include="..\Library\strconv2.h">
      <Filter>Library</Filter>
    </ClInclude>
    <ClInclude Include="Source\Framework\Graphics\FWKGraphicsDevice.h">
      <Filter>Source\Framework\Graphics</Filter>
    </ClInclude>
    <ClInclude Include="Source\Framework\Graphics\RTVHeap\FWKGraphicsRTVHeap.h">
      <Filter>Source\Framework\Graphics\RTVHeap</Filter>
    </ClInclude>
  </ItemGroup>
  <ItemGroup>
    <ClCompile Include="Source\PCH.cpp">
      <Filter>Source</Filter>
    </ClCompile>
    <ClCompile Include="Source\Application\Application.cpp">
      <Filter>Source\Application</Filter>
    </ClCompile>
    <ClCompile Include="Source\Framework\Window\FWKWindow.cpp">
      <Filter>Source\Framework\Window</Filter>
    </ClCompile>
    <ClCompile Include="Source\Framework\FPS\FWKFPSController.cpp">
      <Filter>Source\Framework\FPS</Filter>
    </ClCompile>
    <ClCompile Include="Source\Framework\Graphics\FWKGraphicsDevice.cpp">
      <Filter>Source\Framework\Graphics</Filter>
    </ClCompile>
    <ClCompile Include="Source\Framework\Graphics\RTVHeap\FWKGraphicsRTVHeap.cpp">
      <Filter>Source\Framework\Graphics\RTVHeap</Filter>
    </ClCompile>
  </ItemGroup>
</Project>