<?xml version="1.0" encoding="utf-8"?>
<Project ToolsVersion="4.0" xmlns="http://schemas.microsoft.com/developer/msbuild/2003">
  <ItemGroup>
    <Filter Include="Source">
      <UniqueIdentifier>{7acb3270-6886-44e1-8c83-a0855ccd9325}</UniqueIdentifier>
    </Filter>
    <Filter Include="Source\Framework">
      <UniqueIdentifier>{1d526373-7faf-45aa-b045-ae299cfa082e}</UniqueIdentifier>
    </Filter>
    <Filter Include="Source\Framework\Singleton">
      <UniqueIdentifier>{2dee0103-20b1-433e-863e-ef3ccc832c41}</UniqueIdentifier>
    </Filter>
    <Filter Include="Source\Application">
      <UniqueIdentifier>{ede798b5-8a0c-4af8-b43a-eef1b4872e20}</UniqueIdentifier>
    </Filter>
    <Filter Include="Library">
      <UniqueIdentifier>{21fd05f2-14ba-4a52-90ef-190d684c8da1}</UniqueIdentifier>
    </Filter>
    <Filter Include="Source\Framework\Definition">
      <UniqueIdentifier>{11bb82bf-6242-4fbf-af49-74d09c8e87e1}</UniqueIdentifier>
    </Filter>
    <Filter Include="Source\Framework\Definition\Struct">
      <UniqueIdentifier>{b90697e1-ff82-48a1-b5e4-d861b47a11c8}</UniqueIdentifier>
    </Filter>
    <Filter Include="Source\Framework\Definition\Constant">
      <UniqueIdentifier>{a06c82d6-d31f-4c71-93f0-5e14fb7048e0}</UniqueIdentifier>
    </Filter>
    <Filter Include="Source\Framework\FPS">
      <UniqueIdentifier>{7d142c18-9a58-4ca6-860a-21df27b4b39c}</UniqueIdentifier>
    </Filter>
    <Filter Include="Source\Framework\Utility">
      <UniqueIdentifier>{bea465f0-c682-49c1-bbd0-648ef2f0beb5}</UniqueIdentifier>
    </Filter>
    <Filter Include="Source\Framework\Utility\FileIO">
      <UniqueIdentifier>{2c3499b1-aa78-4ddd-a171-0e7092466bbb}</UniqueIdentifier>
    </Filter>
    <Filter Include="Source\Framework\Graphics">
      <UniqueIdentifier>{7ca3a065-7903-414d-8540-0e44e64fc5f9}</UniqueIdentifier>
    </Filter>
    <Filter Include="Source\Framework\Graphics\RTVHeap">
      <UniqueIdentifier>{ed8c2ea7-a9fc-428d-b904-996b4b244fc5}</UniqueIdentifier>
    </Filter>
    <Filter Include="Source\Framework\Graphics\Mesh">
      <UniqueIdentifier>{fb2f033e-fbdc-4da0-8a69-44dad6bdd4ec}</UniqueIdentifier>
    </Filter>
    <Filter Include="Asset">
      <UniqueIdentifier>{188885a2-de0e-4578-9cf4-2947695c4de3}</UniqueIdentifier>
    </Filter>
    <Filter Include="Asset\Shader">
      <UniqueIdentifier>{634ad0d1-582a-4fe0-9e49-1ff1a2b0c2ed}</UniqueIdentifier>
    </Filter>
    <Filter Include="Source\Framework\Graphics\Shader">
      <UniqueIdentifier>{16a8e8aa-afee-405d-9057-4f3f16343cd0}</UniqueIdentifier>
    </Filter>
    <Filter Include="Source\Framework\Graphics\Shader\RootSignature">
      <UniqueIdentifier>{71d25ad9-c4e1-4799-ae87-8ffbbdecbf4c}</UniqueIdentifier>
    </Filter>
    <Filter Include="Source\Framework\Graphics\Shader\Pipeline">
      <UniqueIdentifier>{98211393-662e-49d6-815f-fc0d464fe2ef}</UniqueIdentifier>
    </Filter>
    <Filter Include="Source\System">
      <UniqueIdentifier>{7f348ffb-ee5c-4f24-aa99-53505909d0c5}</UniqueIdentifier>
    </Filter>
    <Filter Include="Source\System\Definition">
      <UniqueIdentifier>{9565595a-a277-4f7e-b438-7a0e61414583}</UniqueIdentifier>
    </Filter>
    <Filter Include="Source\System\Definition\Alias">
      <UniqueIdentifier>{1605ddd6-37dd-4443-83d2-0cfcfbcb14fe}</UniqueIdentifier>
    </Filter>
    <Filter Include="Source\Framework\Window">
      <UniqueIdentifier>{b84d9da9-3578-4acc-91a3-d9e3f62c151f}</UniqueIdentifier>
    </Filter>
  </ItemGroup>
  <ItemGroup>
    <ClInclude Include="Source\PCH.h">
      <Filter>Source</Filter>
    </ClInclude>
    <ClInclude Include="Source\Framework\Singleton\FWKSingletonBase.h">
      <Filter>Source\Framework\Singleton</Filter>
    </ClInclude>
    <ClInclude Include="Source\Framework\Framework.h">
      <Filter>Source\Framework</Filter>
    </ClInclude>
    <ClInclude Include="Source\Framework\Definition\Constant\FWKCommonConstant.h">
      <Filter>Source\Framework\Definition\Constant</Filter>
    </ClInclude>
    <ClInclude Include="Source\Framework\Definition\Struct\FWKCommonStruct.h">
      <Filter>Source\Framework\Definition\Struct</Filter>
    </ClInclude>
    <ClInclude Include="Source\Application\Application.h">
      <Filter>Source\Application</Filter>
    </ClInclude>
    <ClInclude Include="Source\Framework\FPS\FWKFPSController.h">
      <Filter>Source\Framework\FPS</Filter>
    </ClInclude>
    <ClInclude Include="Source\Framework\Utility\FileIO\FWKFileIOUtility.h">
      <Filter>Source\Framework\Utility\FileIO</Filter>
    </ClInclude>
    <ClInclude Include="..\Library\json.hpp">
      <Filter>Library</Filter>
    </ClInclude>
    <ClInclude Include="..\Library\strconv2.h">
      <Filter>Library</Filter>
    </ClInclude>
    <ClInclude Include="Source\Framework\Graphics\FWKGraphicsDevice.h">
      <Filter>Source\Framework\Graphics</Filter>
    </ClInclude>
    <ClInclude Include="Source\Framework\Graphics\RTVHeap\FWKRTVHeap.h">
      <Filter>Source\Framework\Graphics\RTVHeap</Filter>
    </ClInclude>
    <ClInclude Include="Source\Framework\Graphics\Mesh\FWKMesh.h">
      <Filter>Source\Framework\Graphics\Mesh</Filter>
    </ClInclude>
    <ClInclude Include="Source\Framework\Graphics\Shader\RootSignature\FWKRootSignature.h">
      <Filter>Source\Framework\Graphics\Shader\RootSignature</Filter>
    </ClInclude>
    <ClInclude Include="Source\Framework\Graphics\Shader\Pipeline\FWKPipeline.h">
      <Filter>Source\Framework\Graphics\Shader\Pipeline</Filter>
    </ClInclude>
    <ClInclude Include="Source\Framework\Graphics\Shader\FWKShader.h">
      <Filter>Source\Framework\Graphics\Shader</Filter>
    </ClInclude>
    <ClInclude Include="Source\System\System.h">
      <Filter>Source\System</Filter>
    </ClInclude>
    <ClInclude Include="Source\System\Definition\Alias\CommonAlias.h">
      <Filter>Source\System\Definition\Alias</Filter>
    </ClInclude>
    <ClInclude Include="Source\Framework\Window\FWKWindow.h">
      <Filter>Source\Framework\Window</Filter>
    </ClInclude>
  </ItemGroup>
  <ItemGroup>
    <ClCompile Include="Source\PCH.cpp">
      <Filter>Source</Filter>
    </ClCompile>
    <ClCompile Include="Source\Application\Application.cpp">
      <Filter>Source\Application</Filter>
    </ClCompile>
    <ClCompile Include="Source\Framework\FPS\FWKFPSController.cpp">
      <Filter>Source\Framework\FPS</Filter>
    </ClCompile>
    <ClCompile Include="Source\Framework\Graphics\FWKGraphicsDevice.cpp">
      <Filter>Source\Framework\Graphics</Filter>
    </ClCompile>
    <ClCompile Include="Source\Framework\Graphics\RTVHeap\FWKRTVHeap.cpp">
      <Filter>Source\Framework\Graphics\RTVHeap</Filter>
    </ClCompile>
    <ClCompile Include="Source\Framework\Graphics\Mesh\FWKMesh.cpp">
      <Filter>Source\Framework\Graphics\Mesh</Filter>
    </ClCompile>
    <ClCompile Include="Source\Framework\Graphics\Shader\RootSignature\FWKRootSignature.cpp">
      <Filter>Source\Framework\Graphics\Shader\RootSignature</Filter>
    </ClCompile>
    <ClCompile Include="Source\Framework\Graphics\Shader\Pipeline\FWKPipeline.cpp">
      <Filter>Source\Framework\Graphics\Shader\Pipeline</Filter>
    </ClCompile>
    <ClCompile Include="Source\Framework\Graphics\Shader\FWKShader.cpp">
      <Filter>Source\Framework\Graphics\Shader</Filter>
    </ClCompile>
    <ClCompile Include="Source\Framework\Window\FWKWindow.cpp">
      <Filter>Source\Framework\Window</Filter>
    </ClCompile>
  </ItemGroup>
  <ItemGroup>
    <None Include="packages.config" />
  </ItemGroup>
  <ItemGroup>
    <FxCompile Include="Asset\Shader\VS_SimpleShader.hlsl">
      <Filter>Asset\Shader</Filter>
    </FxCompile>
    <FxCompile Include="Asset\Shader\PS_SimpleShader.hlsl">
      <Filter>Asset\Shader</Filter>
    </FxCompile>
  </ItemGroup>
</Project>